
Microsoft Visual Studio Solution File, Format Version 12.00
# Visual Studio Version 17
VisualStudioVersion = 17.1.32210.238
MinimumVisualStudioVersion = 10.0.40219.1
Project("{9A19103F-16F7-4668-BE54-9A1E7A4F7556}") = "LessonCompanion", "Cambly Reports\LessonCompanion.csproj", "{7C7225F4-A737-412C-88FA-BFD1DD5F2573}"
EndProject
Global
	GlobalSection(SolutionConfigurationPlatforms) = preSolution
		Debug|Any CPU = Debug|Any CPU
		Release|Any CPU = Release|Any CPU
	EndGlobalSection
	GlobalSection(ProjectConfigurationPlatforms) = postSolution
		{7C7225F4-A737-412C-88FA-BFD1DD5F2573}.Debug|Any CPU.ActiveCfg = Debug|Any CPU
		{7C7225F4-A737-412C-88FA-BFD1DD5F2573}.Debug|Any CPU.Build.0 = Debug|Any CPU
		{7C7225F4-A737-412C-88FA-BFD1DD5F2573}.Release|Any CPU.ActiveCfg = Release|Any CPU
		{7C7225F4-A737-412C-88FA-BFD1DD5F2573}.Release|Any CPU.Build.0 = Release|Any CPU
	EndGlobalSection
	GlobalSection(SolutionProperties) = preSolution
		HideSolutionNode = FALSE
	EndGlobalSection
	GlobalSection(ExtensibilityGlobals) = postSolution
		SolutionGuid = {5E6BB0E4-57AD-4015-9E55-DEBA70B186E7}
	EndGlobalSection
EndGlobal
